
Microsoft Visual Studio Solution File, Format Version 12.00
# Visual Studio Version 17
VisualStudioVersion = 17.8.34309.116
MinimumVisualStudioVersion = 10.0.40219.1
Project("{FAE04EC0-301F-11D3-BF4B-00C04F79EFBC}") = "D2CC", "D2CC\D2CC.csproj", "{D41CB5A3-2F32-4DF1-9F55-4532EC3E0BF5}"
EndProject
Project("{54435603-DBB4-11D2-8724-00A0C9A8B90C}") = "D2CC_Setup", "Setup\D2CC_Setup\D2CC_Setup.vdproj", "{93FA8FB0-FF85-2350-D30D-DDBE4BC61846}"
EndProject
Global
	GlobalSection(SolutionConfigurationPlatforms) = preSolution
		Debug|Any CPU = Debug|Any CPU
		Release|Any CPU = Release|Any CPU
	EndGlobalSection
	GlobalSection(ProjectConfigurationPlatforms) = postSolution
		{D41CB5A3-2F32-4DF1-9F55-4532EC3E0BF5}.Debug|Any CPU.ActiveCfg = Debug|Any CPU
		{D41CB5A3-2F32-4DF1-9F55-4532EC3E0BF5}.Debug|Any CPU.Build.0 = Debug|Any CPU
		{D41CB5A3-2F32-4DF1-9F55-4532EC3E0BF5}.Release|Any CPU.ActiveCfg = Release|Any CPU
		{D41CB5A3-2F32-4DF1-9F55-4532EC3E0BF5}.Release|Any CPU.Build.0 = Release|Any CPU
		{93FA8FB0-FF85-2350-D30D-DDBE4BC61846}.Debug|Any CPU.ActiveCfg = Debug
		{93FA8FB0-FF85-2350-D30D-DDBE4BC61846}.Release|Any CPU.ActiveCfg = Release
	EndGlobalSection
	GlobalSection(SolutionProperties) = preSolution
		HideSolutionNode = FALSE
	EndGlobalSection
	GlobalSection(ExtensibilityGlobals) = postSolution
		SolutionGuid = {4DBE2DBA-39F4-4347-B54F-A17A1F8CBB6A}
	EndGlobalSection
EndGlobal
